
Microsoft Visual Studio Solution File, Format Version 12.00
# Visual Studio Version 17
VisualStudioVersion = 17.2.32630.192
MinimumVisualStudioVersion = 10.0.40219.1
Project("{FAE04EC0-301F-11D3-BF4B-00C04F79EFBC}") = "GrpcService.Server", "GrpcService.Server.csproj", "{D06D7D66-DB1E-4047-8F42-A05280885A7A}"
EndProject
Global
	GlobalSection(SolutionConfigurationPlatforms) = preSolution
		Debug|Any CPU = Debug|Any CPU
		Release|Any CPU = Release|Any CPU
	EndGlobalSection
	GlobalSection(ProjectConfigurationPlatforms) = postSolution
		{D06D7D66-DB1E-4047-8F42-A05280885A7A}.Debug|Any CPU.ActiveCfg = Debug|Any CPU
		{D06D7D66-DB1E-4047-8F42-A05280885A7A}.Debug|Any CPU.Build.0 = Debug|Any CPU
		{D06D7D66-DB1E-4047-8F42-A05280885A7A}.Release|Any CPU.ActiveCfg = Release|Any CPU
		{D06D7D66-DB1E-4047-8F42-A05280885A7A}.Release|Any CPU.Build.0 = Release|Any CPU
	EndGlobalSection
	GlobalSection(SolutionProperties) = preSolution
		HideSolutionNode = FALSE
	EndGlobalSection
	GlobalSection(ExtensibilityGlobals) = postSolution
		SolutionGuid = {C913DBAD-4193-4A94-BF7E-81A3E400B0D0}
	EndGlobalSection
EndGlobal
